
Microsoft Visual Studio Solution File, Format Version 12.00
# Visual Studio Version 17
VisualStudioVersion = 17.3.32929.385
MinimumVisualStudioVersion = 10.0.40219.1
Project("{9A19103F-16F7-4668-BE54-9A1E7A4F7556}") = "BlazorFirstAppUI", "BlazorFirstAppUI\BlazorFirstAppUI.csproj", "{2DD53BA1-3C17-4BF0-A492-79C825F331F4}"
EndProject
Project("{9A19103F-16F7-4668-BE54-9A1E7A4F7556}") = "BlazorClassLibrary", "BlazorClassLibrary\BlazorClassLibrary.csproj", "{4FA259A1-121C-4507-A4DA-6CC3A87E1B6A}"
EndProject
Project("{2150E333-8FDC-42A3-9474-1A3956D46DE8}") = "Solution Items", "Solution Items", "{1E850BFF-7B1A-4EBF-B4D4-4F6FDEA2C7F7}"
	ProjectSection(SolutionItems) = preProject
		.editorconfig = .editorconfig
	EndProjectSection
EndProject
Global
	GlobalSection(SolutionConfigurationPlatforms) = preSolution
		Debug|Any CPU = Debug|Any CPU
		Release|Any CPU = Release|Any CPU
	EndGlobalSection
	GlobalSection(ProjectConfigurationPlatforms) = postSolution
		{2DD53BA1-3C17-4BF0-A492-79C825F331F4}.Debug|Any CPU.ActiveCfg = Debug|Any CPU
		{2DD53BA1-3C17-4BF0-A492-79C825F331F4}.Debug|Any CPU.Build.0 = Debug|Any CPU
		{2DD53BA1-3C17-4BF0-A492-79C825F331F4}.Release|Any CPU.ActiveCfg = Release|Any CPU
		{2DD53BA1-3C17-4BF0-A492-79C825F331F4}.Release|Any CPU.Build.0 = Release|Any CPU
		{4FA259A1-121C-4507-A4DA-6CC3A87E1B6A}.Debug|Any CPU.ActiveCfg = Debug|Any CPU
		{4FA259A1-121C-4507-A4DA-6CC3A87E1B6A}.Debug|Any CPU.Build.0 = Debug|Any CPU
		{4FA259A1-121C-4507-A4DA-6CC3A87E1B6A}.Release|Any CPU.ActiveCfg = Release|Any CPU
		{4FA259A1-121C-4507-A4DA-6CC3A87E1B6A}.Release|Any CPU.Build.0 = Release|Any CPU
	EndGlobalSection
	GlobalSection(SolutionProperties) = preSolution
		HideSolutionNode = FALSE
	EndGlobalSection
	GlobalSection(ExtensibilityGlobals) = postSolution
		SolutionGuid = {CFCA67EA-AFDA-4ECB-92C4-D197D8BA2B6F}
	EndGlobalSection
EndGlobal
